
Microsoft Visual Studio Solution File, Format Version 12.00
Project("{FAE04EC0-301F-11D3-BF4B-00C04F79EFBC}") = "dersmoker1", "dersmoker1\dersmoker1.csproj", "{F65B866D-C14D-45D7-BA26-F35ED9865562}"
EndProject
Global
	GlobalSection(SolutionConfigurationPlatforms) = preSolution
		Debug|Any CPU = Debug|Any CPU
		Release|Any CPU = Release|Any CPU
	EndGlobalSection
	GlobalSection(ProjectConfigurationPlatforms) = postSolution
		{F65B866D-C14D-45D7-BA26-F35ED9865562}.Debug|Any CPU.ActiveCfg = Debug|Any CPU
		{F65B866D-C14D-45D7-BA26-F35ED9865562}.Debug|Any CPU.Build.0 = Debug|Any CPU
		{F65B866D-C14D-45D7-BA26-F35ED9865562}.Release|Any CPU.ActiveCfg = Release|Any CPU
		{F65B866D-C14D-45D7-BA26-F35ED9865562}.Release|Any CPU.Build.0 = Release|Any CPU
	EndGlobalSection
EndGlobal
